// !$*UTF8*$!
{
	archiveVersion = 1;
	classes = {
	};
	objectVersion = 77;
	objects = {

/* Begin PBXBuildFile section */
		4C280E7A2FA0449100B28D48 /* WidgetKit.framework in Frameworks */ = {isa = PBXBuildFile; fileRef = 4C280E792FA0448F00B28D48 /* WidgetKit.framework */; };
		4C280E7C2FA0449100B28D48 /* SwiftUI.framework in Frameworks */ = {isa = PBXBuildFile; fileRef = 4C280E7B2FA0449100B28D48 /* SwiftUI.framework */; };
		4C280E892FA0449800B28D48 /* SipWidgetExtension.appex in Embed Foundation Extensions */ = {isa = PBXBuildFile; fileRef = 4C280E772FA0448F00B28D48 /* SipWidgetExtension.appex */; settings = {ATTRIBUTES = (RemoveHeadersOnCopy, ); }; };
		4CD220CF2FA11B2F00AB31DE /* SipWatch Watch App.app in Embed Watch Content */ = {isa = PBXBuildFile; fileRef = 4CD220C52FA11B2C00AB31DE /* SipWatch Watch App.app */; settings = {ATTRIBUTES = (RemoveHeadersOnCopy, ); }; };
		4CD220FE2FA1304D00AB31DE /* WidgetKit.framework in Frameworks */ = {isa = PBXBuildFile; fileRef = 4C280E792FA0448F00B28D48 /* WidgetKit.framework */; };
		4CD220FF2FA1304E00AB31DE /* SwiftUI.framework in Frameworks */ = {isa = PBXBuildFile; fileRef = 4C280E7B2FA0449100B28D48 /* SwiftUI.framework */; };
		4CD2210A2FA1305000AB31DE /* SipWatchWidgetExtension.appex in Embed Foundation Extensions */ = {isa = PBXBuildFile; fileRef = 4CD220FD2FA1304D00AB31DE /* SipWatchWidgetExtension.appex */; settings = {ATTRIBUTES = (RemoveHeadersOnCopy, ); }; };
/* End PBXBuildFile section */

/* Begin PBXContainerItemProxy section */
		4C280E872FA0449800B28D48 /* PBXContainerItemProxy */ = {
			isa = PBXContainerItemProxy;
			containerPortal = 4C280E5C2FA043AC00B28D48 /* Project object */;
			proxyType = 1;
			remoteGlobalIDString = 4C280E762FA0448F00B28D48;
			remoteInfo = SipWidgetExtension;
		};
		4CD220CD2FA11B2F00AB31DE /* PBXContainerItemProxy */ = {
			isa = PBXContainerItemProxy;
			containerPortal = 4C280E5C2FA043AC00B28D48 /* Project object */;
			proxyType = 1;
			remoteGlobalIDString = 4CD220C42FA11B2C00AB31DE;
			remoteInfo = "SipWatch Watch App";
		};
		4CD221082FA1305000AB31DE /* PBXContainerItemProxy */ = {
			isa = PBXContainerItemProxy;
			containerPortal = 4C280E5C2FA043AC00B28D48 /* Project object */;
			proxyType = 1;
			remoteGlobalIDString = 4CD220FC2FA1304D00AB31DE;
			remoteInfo = SipWatchWidgetExtension;
		};
/* End PBXContainerItemProxy section */

/* Begin PBXCopyFilesBuildPhase section */
		4C280E8E2FA0449900B28D48 /* Embed Foundation Extensions */ = {
			isa = PBXCopyFilesBuildPhase;
			buildActionMask = 2147483647;
			dstPath = "";
			dstSubfolderSpec = 13;
			files = (
				4C280E892FA0449800B28D48 /* SipWidgetExtension.appex in Embed Foundation Extensions */,
			);
			name = "Embed Foundation Extensions";
			runOnlyForDeploymentPostprocessing = 0;
		};
		4CD220D32FA11B2F00AB31DE /* Embed Watch Content */ = {
			isa = PBXCopyFilesBuildPhase;
			buildActionMask = 2147483647;
			dstPath = "$(CONTENTS_FOLDER_PATH)/Watch";
			dstSubfolderSpec = 16;
			files = (
				4CD220CF2FA11B2F00AB31DE /* SipWatch Watch App.app in Embed Watch Content */,
			);
			name = "Embed Watch Content";
			runOnlyForDeploymentPostprocessing = 0;
		};
		4CD2210F2FA1305000AB31DE /* Embed Foundation Extensions */ = {
			isa = PBXCopyFilesBuildPhase;
			buildActionMask = 2147483647;
			dstPath = "";
			dstSubfolderSpec = 13;
			files = (
				4CD2210A2FA1305000AB31DE /* SipWatchWidgetExtension.appex in Embed Foundation Extensions */,
			);
			name = "Embed Foundation Extensions";
			runOnlyForDeploymentPostprocessing = 0;
		};
/* End PBXCopyFilesBuildPhase section */

/* Begin PBXFileReference section */
		4C280E642FA043AC00B28D48 /* sip-dynamic-hydration.app */ = {isa = PBXFileReference; explicitFileType = wrapper.application; includeInIndex = 0; path = "sip-dynamic-hydration.app"; sourceTree = BUILT_PRODUCTS_DIR; };
		4C280E772FA0448F00B28D48 /* SipWidgetExtension.appex */ = {isa = PBXFileReference; explicitFileType = "wrapper.app-extension"; includeInIndex = 0; path = SipWidgetExtension.appex; sourceTree = BUILT_PRODUCTS_DIR; };
		4C280E792FA0448F00B28D48 /* WidgetKit.framework */ = {isa = PBXFileReference; lastKnownFileType = wrapper.framework; name = WidgetKit.framework; path = System/Library/Frameworks/WidgetKit.framework; sourceTree = SDKROOT; };
		4C280E7B2FA0449100B28D48 /* SwiftUI.framework */ = {isa = PBXFileReference; lastKnownFileType = wrapper.framework; name = SwiftUI.framework; path = System/Library/Frameworks/SwiftUI.framework; sourceTree = SDKROOT; };
		4C280E9C2FA046D500B28D48 /* SipWidgetExtension.entitlements */ = {isa = PBXFileReference; lastKnownFileType = text.plist.entitlements; path = SipWidgetExtension.entitlements; sourceTree = "<group>"; };
		4CD220C52FA11B2C00AB31DE /* SipWatch Watch App.app */ = {isa = PBXFileReference; explicitFileType = wrapper.application; includeInIndex = 0; path = "SipWatch Watch App.app"; sourceTree = BUILT_PRODUCTS_DIR; };
		4CD220FD2FA1304D00AB31DE /* SipWatchWidgetExtension.appex */ = {isa = PBXFileReference; explicitFileType = "wrapper.app-extension"; includeInIndex = 0; path = SipWatchWidgetExtension.appex; sourceTree = BUILT_PRODUCTS_DIR; };
		4CD221102FA130AD00AB31DE /* SipWatchWidgetExtension.entitlements */ = {isa = PBXFileReference; lastKnownFileType = text.plist.entitlements; path = SipWatchWidgetExtension.entitlements; sourceTree = "<group>"; };
		4CD221132FA131FE00AB31DE /* ActivityKit.framework */ = {isa = PBXFileReference; lastKnownFileType = wrapper.framework; name = ActivityKit.framework; path = System/Library/Frameworks/ActivityKit.framework; sourceTree = SDKROOT; };
/* End PBXFileReference section */

/* Begin PBXFileSystemSynchronizedBuildFileExceptionSet section */
		4C280E8A2FA0449900B28D48 /* Exceptions for "SipWidget" folder in "SipWidgetExtension" target */ = {
			isa = PBXFileSystemSynchronizedBuildFileExceptionSet;
			membershipExceptions = (
				Info.plist,
			);
			target = 4C280E762FA0448F00B28D48 /* SipWidgetExtension */;
		};
		4C280E932FA044FD00B28D48 /* Exceptions for "Shared" folder in "sip-dynamic-hydration" target */ = {
			isa = PBXFileSystemSynchronizedBuildFileExceptionSet;
			membershipExceptions = (
				SharedLogic.swift,
			);
			target = 4C280E632FA043AC00B28D48 /* sip-dynamic-hydration */;
		};
		4C280E9B2FA046CB00B28D48 /* Exceptions for "sip-dynamic-hydration" folder in "sip-dynamic-hydration" target */ = {
			isa = PBXFileSystemSynchronizedBuildFileExceptionSet;
			membershipExceptions = (
				Info.plist,
			);
			target = 4C280E632FA043AC00B28D48 /* sip-dynamic-hydration */;
		};
		4CD220D62FA11C5200AB31DE /* Exceptions for "Shared" folder in "SipWatch Watch App" target */ = {
			isa = PBXFileSystemSynchronizedBuildFileExceptionSet;
			membershipExceptions = (
				SharedLogic.swift,
			);
			target = 4CD220C42FA11B2C00AB31DE /* SipWatch Watch App */;
		};
		4CD2210E2FA1305000AB31DE /* Exceptions for "SipWatchWidget" folder in "SipWatchWidgetExtension" target */ = {
			isa = PBXFileSystemSynchronizedBuildFileExceptionSet;
			membershipExceptions = (
				Info.plist,
			);
			target = 4CD220FC2FA1304D00AB31DE /* SipWatchWidgetExtension */;
		};
		4CD221122FA130C900AB31DE /* Exceptions for "Shared" folder in "SipWatchWidgetExtension" target */ = {
			isa = PBXFileSystemSynchronizedBuildFileExceptionSet;
			membershipExceptions = (
				SharedLogic.swift,
			);
			target = 4CD220FC2FA1304D00AB31DE /* SipWatchWidgetExtension */;
		};
		4CD2211E2FA1327200AB31DE /* Exceptions for "SipWatch Watch App" folder in "SipWatchWidgetExtension" target */ = {
			isa = PBXFileSystemSynchronizedBuildFileExceptionSet;
			membershipExceptions = (
				Watch_Library/Watch_Library.swift,
			);
			target = 4CD220FC2FA1304D00AB31DE /* SipWatchWidgetExtension */;
		};
		4CD221262FA1346B00AB31DE /* Exceptions for "sip-dynamic-hydration" folder in "SipWidgetExtension" target */ = {
			isa = PBXFileSystemSynchronizedBuildFileExceptionSet;
			membershipExceptions = (
				Assets.xcassets,
				HydrationManager.swift,
				iOS_Library/iOS_Library.swift,
			);
			target = 4C280E762FA0448F00B28D48 /* SipWidgetExtension */;
		};
		4CD2216F2FA1559B00AB31DE /* Exceptions for "sip-dynamic-hydration" folder in "SipWatch Watch App" target */ = {
			isa = PBXFileSystemSynchronizedBuildFileExceptionSet;
			membershipExceptions = (
				Assets.xcassets,
			);
			target = 4CD220C42FA11B2C00AB31DE /* SipWatch Watch App */;
		};
		4CD221702FA1559B00AB31DE /* Exceptions for "sip-dynamic-hydration" folder in "SipWatchWidgetExtension" target */ = {
			isa = PBXFileSystemSynchronizedBuildFileExceptionSet;
			membershipExceptions = (
				Assets.xcassets,
			);
			target = 4CD220FC2FA1304D00AB31DE /* SipWatchWidgetExtension */;
		};
/* End PBXFileSystemSynchronizedBuildFileExceptionSet section */

/* Begin PBXFileSystemSynchronizedRootGroup section */
		4C280E662FA043AC00B28D48 /* sip-dynamic-hydration */ = {
			isa = PBXFileSystemSynchronizedRootGroup;
			exceptions = (
				4C280E9B2FA046CB00B28D48 /* Exceptions for "sip-dynamic-hydration" folder in "sip-dynamic-hydration" target */,
				4CD221262FA1346B00AB31DE /* Exceptions for "sip-dynamic-hydration" folder in "SipWidgetExtension" target */,
				4CD2216F2FA1559B00AB31DE /* Exceptions for "sip-dynamic-hydration" folder in "SipWatch Watch App" target */,
				4CD221702FA1559B00AB31DE /* Exceptions for "sip-dynamic-hydration" folder in "SipWatchWidgetExtension" target */,
			);
			path = "sip-dynamic-hydration";
			sourceTree = "<group>";
		};
		4C280E7D2FA0449100B28D48 /* SipWidget */ = {
			isa = PBXFileSystemSynchronizedRootGroup;
			exceptions = (
				4C280E8A2FA0449900B28D48 /* Exceptions for "SipWidget" folder in "SipWidgetExtension" target */,
			);
			path = SipWidget;
			sourceTree = "<group>";
		};
		4C280E8F2FA044AE00B28D48 /* Shared */ = {
			isa = PBXFileSystemSynchronizedRootGroup;
			exceptions = (
				4C280E932FA044FD00B28D48 /* Exceptions for "Shared" folder in "sip-dynamic-hydration" target */,
				4CD220D62FA11C5200AB31DE /* Exceptions for "Shared" folder in "SipWatch Watch App" target */,
				4CD221122FA130C900AB31DE /* Exceptions for "Shared" folder in "SipWatchWidgetExtension" target */,
			);
			path = Shared;
			sourceTree = "<group>";
		};
		4CD220C62FA11B2C00AB31DE /* SipWatch Watch App */ = {
			isa = PBXFileSystemSynchronizedRootGroup;
			exceptions = (
				4CD2211E2FA1327200AB31DE /* Exceptions for "SipWatch Watch App" folder in "SipWatchWidgetExtension" target */,
			);
			path = "SipWatch Watch App";
			sourceTree = "<group>";
		};
		4CD221002FA1304E00AB31DE /* SipWatchWidget */ = {
			isa = PBXFileSystemSynchronizedRootGroup;
			exceptions = (
				4CD2210E2FA1305000AB31DE /* Exceptions for "SipWatchWidget" folder in "SipWatchWidgetExtension" target */,
			);
			path = SipWatchWidget;
			sourceTree = "<group>";
		};
/* End PBXFileSystemSynchronizedRootGroup section */

/* Begin PBXFrameworksBuildPhase section */
		4C280E612FA043AC00B28D48 /* Frameworks */ = {
			isa = PBXFrameworksBuildPhase;
			buildActionMask = 2147483647;
			files = (
			);
			runOnlyForDeploymentPostprocessing = 0;
		};
		4C280E742FA0448F00B28D48 /* Frameworks */ = {
			isa = PBXFrameworksBuildPhase;
			buildActionMask = 2147483647;
			files = (
				4C280E7C2FA0449100B28D48 /* SwiftUI.framework in Frameworks */,
				4C280E7A2FA0449100B28D48 /* WidgetKit.framework in Frameworks */,
			);
			runOnlyForDeploymentPostprocessing = 0;
		};
		4CD220C22FA11B2C00AB31DE /* Frameworks */ = {
			isa = PBXFrameworksBuildPhase;
			buildActionMask = 2147483647;
			files = (
			);
			runOnlyForDeploymentPostprocessing = 0;
		};
		4CD220FA2FA1304D00AB31DE /* Frameworks */ = {
			isa = PBXFrameworksBuildPhase;
			buildActionMask = 2147483647;
			files = (
				4CD220FF2FA1304E00AB31DE /* SwiftUI.framework in Frameworks */,
				4CD220FE2FA1304D00AB31DE /* WidgetKit.framework in Frameworks */,
			);
			runOnlyForDeploymentPostprocessing = 0;
		};
/* End PBXFrameworksBuildPhase section */

/* Begin PBXGroup section */
		4C280E5B2FA043AC00B28D48 = {
			isa = PBXGroup;
			children = (
				4CD221102FA130AD00AB31DE /* SipWatchWidgetExtension.entitlements */,
				4C280E9C2FA046D500B28D48 /* SipWidgetExtension.entitlements */,
				4C280E8F2FA044AE00B28D48 /* Shared */,
				4C280E662FA043AC00B28D48 /* sip-dynamic-hydration */,
				4C280E7D2FA0449100B28D48 /* SipWidget */,
				4CD220C62FA11B2C00AB31DE /* SipWatch Watch App */,
				4CD221002FA1304E00AB31DE /* SipWatchWidget */,
				4C280E782FA0448F00B28D48 /* Frameworks */,
				4C280E652FA043AC00B28D48 /* Products */,
			);
			sourceTree = "<group>";
		};
		4C280E652FA043AC00B28D48 /* Products */ = {
			isa = PBXGroup;
			children = (
				4C280E642FA043AC00B28D48 /* sip-dynamic-hydration.app */,
				4C280E772FA0448F00B28D48 /* SipWidgetExtension.appex */,
				4CD220C52FA11B2C00AB31DE /* SipWatch Watch App.app */,
				4CD220FD2FA1304D00AB31DE /* SipWatchWidgetExtension.appex */,
			);
			name = Products;
			sourceTree = "<group>";
		};
		4C280E782FA0448F00B28D48 /* Frameworks */ = {
			isa = PBXGroup;
			children = (
				4CD221132FA131FE00AB31DE /* ActivityKit.framework */,
				4C280E792FA0448F00B28D48 /* WidgetKit.framework */,
				4C280E7B2FA0449100B28D48 /* SwiftUI.framework */,
			);
			name = Frameworks;
			sourceTree = "<group>";
		};
/* End PBXGroup section */

/* Begin PBXNativeTarget section */
		4C280E632FA043AC00B28D48 /* sip-dynamic-hydration */ = {
			isa = PBXNativeTarget;
			buildConfigurationList = 4C280E6F2FA043AF00B28D48 /* Build configuration list for PBXNativeTarget "sip-dynamic-hydration" */;
			buildPhases = (
				4C280E602FA043AC00B28D48 /* Sources */,
				4C280E612FA043AC00B28D48 /* Frameworks */,
				4C280E622FA043AC00B28D48 /* Resources */,
				4C280E8E2FA0449900B28D48 /* Embed Foundation Extensions */,
				4CD220D32FA11B2F00AB31DE /* Embed Watch Content */,
			);
			buildRules = (
			);
			dependencies = (
				4C280E882FA0449800B28D48 /* PBXTargetDependency */,
				4CD220CE2FA11B2F00AB31DE /* PBXTargetDependency */,
			);
			fileSystemSynchronizedGroups = (
				4C280E662FA043AC00B28D48 /* sip-dynamic-hydration */,
			);
			name = "sip-dynamic-hydration";
			packageProductDependencies = (
			);
			productName = "sip-dynamic-hydration";
			productReference = 4C280E642FA043AC00B28D48 /* sip-dynamic-hydration.app */;
			productType = "com.apple.product-type.application";
		};
		4C280E762FA0448F00B28D48 /* SipWidgetExtension */ = {
			isa = PBXNativeTarget;
			buildConfigurationList = 4C280E8B2FA0449900B28D48 /* Build configuration list for PBXNativeTarget "SipWidgetExtension" */;
			buildPhases = (
				4C280E732FA0448F00B28D48 /* Sources */,
				4C280E742FA0448F00B28D48 /* Frameworks */,
				4C280E752FA0448F00B28D48 /* Resources */,
			);
			buildRules = (
			);
			dependencies = (
			);
			fileSystemSynchronizedGroups = (
				4C280E7D2FA0449100B28D48 /* SipWidget */,
				4C280E8F2FA044AE00B28D48 /* Shared */,
			);
			name = SipWidgetExtension;
			packageProductDependencies = (
			);
			productName = SipWidgetExtension;
			productReference = 4C280E772FA0448F00B28D48 /* SipWidgetExtension.appex */;
			productType = "com.apple.product-type.app-extension";
		};
		4CD220C42FA11B2C00AB31DE /* SipWatch Watch App */ = {
			isa = PBXNativeTarget;
			buildConfigurationList = 4CD220D02FA11B2F00AB31DE /* Build configuration list for PBXNativeTarget "SipWatch Watch App" */;
			buildPhases = (
				4CD220C12FA11B2C00AB31DE /* Sources */,
				4CD220C22FA11B2C00AB31DE /* Frameworks */,
				4CD220C32FA11B2C00AB31DE /* Resources */,
				4CD2210F2FA1305000AB31DE /* Embed Foundation Extensions */,
			);
			buildRules = (
			);
			dependencies = (
				4CD221092FA1305000AB31DE /* PBXTargetDependency */,
			);
			fileSystemSynchronizedGroups = (
				4CD220C62FA11B2C00AB31DE /* SipWatch Watch App */,
			);
			name = "SipWatch Watch App";
			packageProductDependencies = (
			);
			productName = "SipWatch Watch App";
			productReference = 4CD220C52FA11B2C00AB31DE /* SipWatch Watch App.app */;
			productType = "com.apple.product-type.application";
		};
		4CD220FC2FA1304D00AB31DE /* SipWatchWidgetExtension */ = {
			isa = PBXNativeTarget;
			buildConfigurationList = 4CD2210B2FA1305000AB31DE /* Build configuration list for PBXNativeTarget "SipWatchWidgetExtension" */;
			buildPhases = (
				4CD220F92FA1304D00AB31DE /* Sources */,
				4CD220FA2FA1304D00AB31DE /* Frameworks */,
				4CD220FB2FA1304D00AB31DE /* Resources */,
			);
			buildRules = (
			);
			dependencies = (
			);
			fileSystemSynchronizedGroups = (
				4CD221002FA1304E00AB31DE /* SipWatchWidget */,
			);
			name = SipWatchWidgetExtension;
			packageProductDependencies = (
			);
			productName = SipWatchWidgetExtension;
			productReference = 4CD220FD2FA1304D00AB31DE /* SipWatchWidgetExtension.appex */;
			productType = "com.apple.product-type.app-extension";
		};
/* End PBXNativeTarget section */

/* Begin PBXProject section */
		4C280E5C2FA043AC00B28D48 /* Project object */ = {
			isa = PBXProject;
			attributes = {
				BuildIndependentTargetsInParallel = 1;
				LastSwiftUpdateCheck = 2640;
				LastUpgradeCheck = 2640;
				TargetAttributes = {
					4C280E632FA043AC00B28D48 = {
						CreatedOnToolsVersion = 26.4.1;
					};
					4C280E762FA0448F00B28D48 = {
						CreatedOnToolsVersion = 26.4.1;
					};
					4CD220C42FA11B2C00AB31DE = {
						CreatedOnToolsVersion = 26.4.1;
					};
					4CD220FC2FA1304D00AB31DE = {
						CreatedOnToolsVersion = 26.4.1;
					};
				};
			};
			buildConfigurationList = 4C280E5F2FA043AC00B28D48 /* Build configuration list for PBXProject "sip-dynamic-hydration" */;
			developmentRegion = en;
			hasScannedForEncodings = 0;
			knownRegions = (
				en,
				Base,
			);
			mainGroup = 4C280E5B2FA043AC00B28D48;
			minimizedProjectReferenceProxies = 1;
			preferredProjectObjectVersion = 77;
			productRefGroup = 4C280E652FA043AC00B28D48 /* Products */;
			projectDirPath = "";
			projectRoot = "";
			targets = (
				4C280E632FA043AC00B28D48 /* sip-dynamic-hydration */,
				4C280E762FA0448F00B28D48 /* SipWidgetExtension */,
				4CD220C42FA11B2C00AB31DE /* SipWatch Watch App */,
				4CD220FC2FA1304D00AB31DE /* SipWatchWidgetExtension */,
			);
		};
/* End PBXProject section */

/* Begin PBXResourcesBuildPhase section */
		4C280E622FA043AC00B28D48 /* Resources */ = {
			isa = PBXResourcesBuildPhase;
			buildActionMask = 2147483647;
			files = (
			);
			runOnlyForDeploymentPostprocessing = 0;
		};
		4C280E752FA0448F00B28D48 /* Resources */ = {
			isa = PBXResourcesBuildPhase;
			buildActionMask = 2147483647;
			files = (
			);
			runOnlyForDeploymentPostprocessing = 0;
		};
		4CD220C32FA11B2C00AB31DE /* Resources */ = {
			isa = PBXResourcesBuildPhase;
			buildActionMask = 2147483647;
			files = (
			);
			runOnlyForDeploymentPostprocessing = 0;
		};
		4CD220FB2FA1304D00AB31DE /* Resources */ = {
			isa = PBXResourcesBuildPhase;
			buildActionMask = 2147483647;
			files = (
			);
			runOnlyForDeploymentPostprocessing = 0;
		};
/* End PBXResourcesBuildPhase section */

/* Begin PBXSourcesBuildPhase section */
		4C280E602FA043AC00B28D48 /* Sources */ = {
			isa = PBXSourcesBuildPhase;
			buildActionMask = 2147483647;
			files = (
			);
			runOnlyForDeploymentPostprocessing = 0;
		};
		4C280E732FA0448F00B28D48 /* Sources */ = {
			isa = PBXSourcesBuildPhase;
			buildActionMask = 2147483647;
			files = (
			);
			runOnlyForDeploymentPostprocessing = 0;
		};
		4CD220C12FA11B2C00AB31DE /* Sources */ = {
			isa = PBXSourcesBuildPhase;
			buildActionMask = 2147483647;
			files = (
			);
			runOnlyForDeploymentPostprocessing = 0;
		};
		4CD220F92FA1304D00AB31DE /* Sources */ = {
			isa = PBXSourcesBuildPhase;
			buildActionMask = 2147483647;
			files = (
			);
			runOnlyForDeploymentPostprocessing = 0;
		};
/* End PBXSourcesBuildPhase section */

/* Begin PBXTargetDependency section */
		4C280E882FA0449800B28D48 /* PBXTargetDependency */ = {
			isa = PBXTargetDependency;
			target = 4C280E762FA0448F00B28D48 /* SipWidgetExtension */;
			targetProxy = 4C280E872FA0449800B28D48 /* PBXContainerItemProxy */;
		};
		4CD220CE2FA11B2F00AB31DE /* PBXTargetDependency */ = {
			isa = PBXTargetDependency;
			target = 4CD220C42FA11B2C00AB31DE /* SipWatch Watch App */;
			targetProxy = 4CD220CD2FA11B2F00AB31DE /* PBXContainerItemProxy */;
		};
		4CD221092FA1305000AB31DE /* PBXTargetDependency */ = {
			isa = PBXTargetDependency;
			target = 4CD220FC2FA1304D00AB31DE /* SipWatchWidgetExtension */;
			targetProxy = 4CD221082FA1305000AB31DE /* PBXContainerItemProxy */;
		};
/* End PBXTargetDependency section */

/* Begin XCBuildConfiguration section */
		4C280E6D2FA043AF00B28D48 /* Debug */ = {
			isa = XCBuildConfiguration;
			buildSettings = {
				ALWAYS_SEARCH_USER_PATHS = NO;
				ASSETCATALOG_COMPILER_GENERATE_SWIFT_ASSET_SYMBOL_EXTENSIONS = YES;
				CLANG_ANALYZER_NONNULL = YES;
				CLANG_ANALYZER_NUMBER_OBJECT_CONVERSION = YES_AGGRESSIVE;
				CLANG_CXX_LANGUAGE_STANDARD = "gnu++20";
				CLANG_ENABLE_MODULES = YES;
				CLANG_ENABLE_OBJC_ARC = YES;
				CLANG_ENABLE_OBJC_WEAK = YES;
				CLANG_WARN_BLOCK_CAPTURE_AUTORELEASING = YES;
				CLANG_WARN_BOOL_CONVERSION = YES;
				CLANG_WARN_COMMA = YES;
				CLANG_WARN_CONSTANT_CONVERSION = YES;
				CLANG_WARN_DEPRECATED_OBJC_IMPLEMENTATIONS = YES;
				CLANG_WARN_DIRECT_OBJC_ISA_USAGE = YES_ERROR;
				CLANG_WARN_DOCUMENTATION_COMMENTS = YES;
				CLANG_WARN_EMPTY_BODY = YES;
				CLANG_WARN_ENUM_CONVERSION = YES;
				CLANG_WARN_INFINITE_RECURSION = YES;
				CLANG_WARN_INT_CONVERSION = YES;
				CLANG_WARN_NON_LITERAL_NULL_CONVERSION = YES;
				CLANG_WARN_OBJC_IMPLICIT_RETAIN_SELF = YES;
				CLANG_WARN_OBJC_LITERAL_CONVERSION = YES;
				CLANG_WARN_OBJC_ROOT_CLASS = YES_ERROR;
				CLANG_WARN_QUOTED_INCLUDE_IN_FRAMEWORK_HEADER = YES;
				CLANG_WARN_RANGE_LOOP_ANALYSIS = YES;
				CLANG_WARN_STRICT_PROTOTYPES = YES;
				CLANG_WARN_SUSPICIOUS_MOVE = YES;
				CLANG_WARN_UNGUARDED_AVAILABILITY = YES_AGGRESSIVE;
				CLANG_WARN_UNREACHABLE_CODE = YES;
				CLANG_WARN__DUPLICATE_METHOD_MATCH = YES;
				COPY_PHASE_STRIP = NO;
				DEBUG_INFORMATION_FORMAT = dwarf;
				DEVELOPMENT_TEAM = L8A3PF8RFV;
				ENABLE_STRICT_OBJC_MSGSEND = YES;
				ENABLE_TESTABILITY = YES;
				ENABLE_USER_SCRIPT_SANDBOXING = YES;
				GCC_C_LANGUAGE_STANDARD = gnu17;
				GCC_DYNAMIC_NO_PIC = NO;
				GCC_NO_COMMON_BLOCKS = YES;
				GCC_OPTIMIZATION_LEVEL = 0;
				GCC_PREPROCESSOR_DEFINITIONS = (
					"DEBUG=1",
					"$(inherited)",
				);
				GCC_WARN_64_TO_32_BIT_CONVERSION = YES;
				GCC_WARN_ABOUT_RETURN_TYPE = YES_ERROR;
				GCC_WARN_UNDECLARED_SELECTOR = YES;
				GCC_WARN_UNINITIALIZED_AUTOS = YES_AGGRESSIVE;
				GCC_WARN_UNUSED_FUNCTION = YES;
				GCC_WARN_UNUSED_VARIABLE = YES;
				IPHONEOS_DEPLOYMENT_TARGET = 26.4;
				LOCALIZATION_PREFERS_STRING_CATALOGS = YES;
				MTL_ENABLE_DEBUG_INFO = INCLUDE_SOURCE;
				MTL_FAST_MATH = YES;
				ONLY_ACTIVE_ARCH = YES;
				SDKROOT = iphoneos;
				SWIFT_ACTIVE_COMPILATION_CONDITIONS = "DEBUG $(inherited)";
				SWIFT_OPTIMIZATION_LEVEL = "-Onone";
			};
			name = Debug;
		};
		4C280E6E2FA043AF00B28D48 /* Release */ = {
			isa = XCBuildConfiguration;
			buildSettings = {
				ALWAYS_SEARCH_USER_PATHS = NO;
				ASSETCATALOG_COMPILER_GENERATE_SWIFT_ASSET_SYMBOL_EXTENSIONS = YES;
				CLANG_ANALYZER_NONNULL = YES;
				CLANG_ANALYZER_NUMBER_OBJECT_CONVERSION = YES_AGGRESSIVE;
				CLANG_CXX_LANGUAGE_STANDARD = "gnu++20";
				CLANG_ENABLE_MODULES = YES;
				CLANG_ENABLE_OBJC_ARC = YES;
				CLANG_ENABLE_OBJC_WEAK = YES;
				CLANG_WARN_BLOCK_CAPTURE_AUTORELEASING = YES;
				CLANG_WARN_BOOL_CONVERSION = YES;
				CLANG_WARN_COMMA = YES;
				CLANG_WARN_CONSTANT_CONVERSION = YES;
				CLANG_WARN_DEPRECATED_OBJC_IMPLEMENTATIONS = YES;
				CLANG_WARN_DIRECT_OBJC_ISA_USAGE = YES_ERROR;
				CLANG_WARN_DOCUMENTATION_COMMENTS = YES;
				CLANG_WARN_EMPTY_BODY = YES;
				CLANG_WARN_ENUM_CONVERSION = YES;
				CLANG_WARN_INFINITE_RECURSION = YES;
				CLANG_WARN_INT_CONVERSION = YES;
				CLANG_WARN_NON_LITERAL_NULL_CONVERSION = YES;
				CLANG_WARN_OBJC_IMPLICIT_RETAIN_SELF = YES;
				CLANG_WARN_OBJC_LITERAL_CONVERSION = YES;
				CLANG_WARN_OBJC_ROOT_CLASS = YES_ERROR;
				CLANG_WARN_QUOTED_INCLUDE_IN_FRAMEWORK_HEADER = YES;
				CLANG_WARN_RANGE_LOOP_ANALYSIS = YES;
				CLANG_WARN_STRICT_PROTOTYPES = YES;
				CLANG_WARN_SUSPICIOUS_MOVE = YES;
				CLANG_WARN_UNGUARDED_AVAILABILITY = YES_AGGRESSIVE;
				CLANG_WARN_UNREACHABLE_CODE = YES;
				CLANG_WARN__DUPLICATE_METHOD_MATCH = YES;
				COPY_PHASE_STRIP = NO;
				DEBUG_INFORMATION_FORMAT = "dwarf-with-dsym";
				DEVELOPMENT_TEAM = L8A3PF8RFV;
				ENABLE_NS_ASSERTIONS = NO;
				ENABLE_STRICT_OBJC_MSGSEND = YES;
				ENABLE_USER_SCRIPT_SANDBOXING = YES;
				GCC_C_LANGUAGE_STANDARD = gnu17;
				GCC_NO_COMMON_BLOCKS = YES;
				GCC_WARN_64_TO_32_BIT_CONVERSION = YES;
				GCC_WARN_ABOUT_RETURN_TYPE = YES_ERROR;
				GCC_WARN_UNDECLARED_SELECTOR = YES;
				GCC_WARN_UNINITIALIZED_AUTOS = YES_AGGRESSIVE;
				GCC_WARN_UNUSED_FUNCTION = YES;
				GCC_WARN_UNUSED_VARIABLE = YES;
				IPHONEOS_DEPLOYMENT_TARGET = 26.4;
				LOCALIZATION_PREFERS_STRING_CATALOGS = YES;
				MTL_ENABLE_DEBUG_INFO = NO;
				MTL_FAST_MATH = YES;
				SDKROOT = iphoneos;
				SWIFT_COMPILATION_MODE = wholemodule;
				VALIDATE_PRODUCT = YES;
			};
			name = Release;
		};
		4C280E702FA043AF00B28D48 /* Debug */ = {
			isa = XCBuildConfiguration;
			buildSettings = {
				ASSETCATALOG_COMPILER_APPICON_NAME = AppIcon;
				ASSETCATALOG_COMPILER_GLOBAL_ACCENT_COLOR_NAME = AccentColor;
				CODE_SIGN_ENTITLEMENTS = "sip-dynamic-hydration/sip-dynamic-hydration.entitlements";
				CODE_SIGN_STYLE = Automatic;
				CURRENT_PROJECT_VERSION = 1;
				DEVELOPMENT_TEAM = L8A3PF8RFV;
				ENABLE_PREVIEWS = YES;
				GENERATE_INFOPLIST_FILE = YES;
				INFOPLIST_FILE = "sip-dynamic-hydration/Info.plist";
				INFOPLIST_KEY_CFBundleDisplayName = "Sip - Dynamic Hydration";
				INFOPLIST_KEY_LSApplicationCategoryType = "public.app-category.lifestyle";
				INFOPLIST_KEY_NSHealthShareUsageDescription = "Needed to read your water intake to keep your hydration bar synced.";
				INFOPLIST_KEY_NSHealthUpdateUsageDescription = "Needed to save your logged water to Apple Health.";
				INFOPLIST_KEY_NSLocationWhenInUseUsageDescription = "Needed to adjust your sip hydration goal in which it takes into account your local temperature. This data is not collected.";
				INFOPLIST_KEY_NSSupportsLiveActivities = YES;
				INFOPLIST_KEY_UIApplicationSceneManifest_Generation = YES;
				INFOPLIST_KEY_UIApplicationSupportsIndirectInputEvents = YES;
				INFOPLIST_KEY_UILaunchScreen_Generation = YES;
				INFOPLIST_KEY_UISupportedInterfaceOrientations = UIInterfaceOrientationPortrait;
				INFOPLIST_KEY_UISupportedInterfaceOrientations_iPad = "UIInterfaceOrientationLandscapeLeft UIInterfaceOrientationLandscapeRight UIInterfaceOrientationPortrait UIInterfaceOrientationPortraitUpsideDown";
				INFOPLIST_KEY_WKSupportsLiveActivityLaunchAttributeTypes = "";
				IPHONEOS_DEPLOYMENT_TARGET = 18.6;
				LD_RUNPATH_SEARCH_PATHS = (
					"$(inherited)",
					"@executable_path/Frameworks",
				);
				MARKETING_VERSION = 0.20260430;
				PRODUCT_BUNDLE_IDENTIFIER = "org.mjbapps.sip-dynamic-hydration";
				PRODUCT_NAME = "$(TARGET_NAME)";
				STRING_CATALOG_GENERATE_SYMBOLS = YES;
				SUPPORTED_PLATFORMS = "iphoneos iphonesimulator";
				SUPPORTS_MACCATALYST = NO;
				SUPPORTS_MAC_DESIGNED_FOR_IPHONE_IPAD = NO;
				SUPPORTS_XR_DESIGNED_FOR_IPHONE_IPAD = NO;
				SWIFT_APPROACHABLE_CONCURRENCY = YES;
				SWIFT_DEFAULT_ACTOR_ISOLATION = MainActor;
				SWIFT_EMIT_LOC_STRINGS = YES;
				SWIFT_UPCOMING_FEATURE_MEMBER_IMPORT_VISIBILITY = YES;
				SWIFT_VERSION = 5.0;
				TARGETED_DEVICE_FAMILY = 1;
			};
			name = Debug;
		};
		4C280E712FA043AF00B28D48 /* Release */ = {
			isa = XCBuildConfiguration;
			buildSettings = {
				ASSETCATALOG_COMPILER_APPICON_NAME = AppIcon;
				ASSETCATALOG_COMPILER_GLOBAL_ACCENT_COLOR_NAME = AccentColor;
				CODE_SIGN_ENTITLEMENTS = "sip-dynamic-hydration/sip-dynamic-hydration.entitlements";
				CODE_SIGN_STYLE = Automatic;
				CURRENT_PROJECT_VERSION = 1;
				DEVELOPMENT_TEAM = L8A3PF8RFV;
				ENABLE_PREVIEWS = YES;
				GENERATE_INFOPLIST_FILE = YES;
				INFOPLIST_FILE = "sip-dynamic-hydration/Info.plist";
				INFOPLIST_KEY_CFBundleDisplayName = "Sip - Dynamic Hydration";
				INFOPLIST_KEY_LSApplicationCategoryType = "public.app-category.lifestyle";
				INFOPLIST_KEY_NSHealthShareUsageDescription = "Needed to read your water intake to keep your hydration bar synced.";
				INFOPLIST_KEY_NSHealthUpdateUsageDescription = "Needed to save your logged water to Apple Health.";
				INFOPLIST_KEY_NSLocationWhenInUseUsageDescription = "Needed to adjust your sip hydration goal in which it takes into account your local temperature. This data is not collected.";
				INFOPLIST_KEY_NSSupportsLiveActivities = YES;
				INFOPLIST_KEY_UIApplicationSceneManifest_Generation = YES;
				INFOPLIST_KEY_UIApplicationSupportsIndirectInputEvents = YES;
				INFOPLIST_KEY_UILaunchScreen_Generation = YES;
				INFOPLIST_KEY_UISupportedInterfaceOrientations = UIInterfaceOrientationPortrait;
				INFOPLIST_KEY_UISupportedInterfaceOrientations_iPad = "UIInterfaceOrientationLandscapeLeft UIInterfaceOrientationLandscapeRight UIInterfaceOrientationPortrait UIInterfaceOrientationPortraitUpsideDown";
				INFOPLIST_KEY_WKSupportsLiveActivityLaunchAttributeTypes = "";
				IPHONEOS_DEPLOYMENT_TARGET = 18.6;
				LD_RUNPATH_SEARCH_PATHS = (
					"$(inherited)",
					"@executable_path/Frameworks",
				);
				MARKETING_VERSION = 0.20260430;
				PRODUCT_BUNDLE_IDENTIFIER = "org.mjbapps.sip-dynamic-hydration";
				PRODUCT_NAME = "$(TARGET_NAME)";
				STRING_CATALOG_GENERATE_SYMBOLS = YES;
				SUPPORTED_PLATFORMS = "iphoneos iphonesimulator";
				SUPPORTS_MACCATALYST = NO;
				SUPPORTS_MAC_DESIGNED_FOR_IPHONE_IPAD = NO;
				SUPPORTS_XR_DESIGNED_FOR_IPHONE_IPAD = NO;
				SWIFT_APPROACHABLE_CONCURRENCY = YES;
				SWIFT_DEFAULT_ACTOR_ISOLATION = MainActor;
				SWIFT_EMIT_LOC_STRINGS = YES;
				SWIFT_UPCOMING_FEATURE_MEMBER_IMPORT_VISIBILITY = YES;
				SWIFT_VERSION = 5.0;
				TARGETED_DEVICE_FAMILY = 1;
			};
			name = Release;
		};
		4C280E8C2FA0449900B28D48 /* Debug */ = {
			isa = XCBuildConfiguration;
			buildSettings = {
				ASSETCATALOG_COMPILER_GLOBAL_ACCENT_COLOR_NAME = AccentColor;
				ASSETCATALOG_COMPILER_WIDGET_BACKGROUND_COLOR_NAME = WidgetBackground;
				CODE_SIGN_ENTITLEMENTS = SipWidgetExtension.entitlements;
				CODE_SIGN_STYLE = Automatic;
				CURRENT_PROJECT_VERSION = 1;
				DEVELOPMENT_TEAM = L8A3PF8RFV;
				GENERATE_INFOPLIST_FILE = YES;
				INFOPLIST_FILE = SipWidget/Info.plist;
				INFOPLIST_KEY_CFBundleDisplayName = SipWidget;
				INFOPLIST_KEY_NSHealthShareUsageDescription = "We need to read your water intake from Apple Health so your Live Activity bar stays perfectly synced, even if you log water on your Apple Watch.";
				INFOPLIST_KEY_NSHealthUpdateUsageDescription = "We need permission to save the water you log in the app directly to your Apple Health database.";
				INFOPLIST_KEY_NSHumanReadableCopyright = "";
				INFOPLIST_KEY_NSLocationWhenInUseUsageDescription = "Needed to adjust your sip hydration goal in which it takes into account your local temperature. This data is not collected.";
				IPHONEOS_DEPLOYMENT_TARGET = 18.6;
				LD_RUNPATH_SEARCH_PATHS = (
					"$(inherited)",
					"@executable_path/Frameworks",
					"@executable_path/../../Frameworks",
				);
				MARKETING_VERSION = 0.20260430;
				PRODUCT_BUNDLE_IDENTIFIER = "org.mjbapps.sip-dynamic-hydration.SipWidget";
				PRODUCT_NAME = "$(TARGET_NAME)";
				SKIP_INSTALL = YES;
				STRING_CATALOG_GENERATE_SYMBOLS = YES;
				SUPPORTED_PLATFORMS = "iphoneos iphonesimulator";
				SUPPORTS_MACCATALYST = NO;
				SUPPORTS_MAC_DESIGNED_FOR_IPHONE_IPAD = NO;
				SUPPORTS_XR_DESIGNED_FOR_IPHONE_IPAD = NO;
				SWIFT_APPROACHABLE_CONCURRENCY = YES;
				SWIFT_EMIT_LOC_STRINGS = YES;
				SWIFT_UPCOMING_FEATURE_MEMBER_IMPORT_VISIBILITY = YES;
				SWIFT_VERSION = 5.0;
				TARGETED_DEVICE_FAMILY = 1;
			};
			name = Debug;
		};
		4C280E8D2FA0449900B28D48 /* Release */ = {
			isa = XCBuildConfiguration;
			buildSettings = {
				ASSETCATALOG_COMPILER_GLOBAL_ACCENT_COLOR_NAME = AccentColor;
				ASSETCATALOG_COMPILER_WIDGET_BACKGROUND_COLOR_NAME = WidgetBackground;
				CODE_SIGN_ENTITLEMENTS = SipWidgetExtension.entitlements;
				CODE_SIGN_STYLE = Automatic;
				CURRENT_PROJECT_VERSION = 1;
				DEVELOPMENT_TEAM = L8A3PF8RFV;
				GENERATE_INFOPLIST_FILE = YES;
				INFOPLIST_FILE = SipWidget/Info.plist;
				INFOPLIST_KEY_CFBundleDisplayName = SipWidget;
				INFOPLIST_KEY_NSHealthShareUsageDescription = "We need to read your water intake from Apple Health so your Live Activity bar stays perfectly synced, even if you log water on your Apple Watch.";
				INFOPLIST_KEY_NSHealthUpdateUsageDescription = "We need permission to save the water you log in the app directly to your Apple Health database.";
				INFOPLIST_KEY_NSHumanReadableCopyright = "";
				INFOPLIST_KEY_NSLocationWhenInUseUsageDescription = "Needed to adjust your sip hydration goal in which it takes into account your local temperature. This data is not collected.";
				IPHONEOS_DEPLOYMENT_TARGET = 18.6;
				LD_RUNPATH_SEARCH_PATHS = (
					"$(inherited)",
					"@executable_path/Frameworks",
					"@executable_path/../../Frameworks",
				);
				MARKETING_VERSION = 0.20260430;
				PRODUCT_BUNDLE_IDENTIFIER = "org.mjbapps.sip-dynamic-hydration.SipWidget";
				PRODUCT_NAME = "$(TARGET_NAME)";
				SKIP_INSTALL = YES;
				STRING_CATALOG_GENERATE_SYMBOLS = YES;
				SUPPORTED_PLATFORMS = "iphoneos iphonesimulator";
				SUPPORTS_MACCATALYST = NO;
				SUPPORTS_MAC_DESIGNED_FOR_IPHONE_IPAD = NO;
				SUPPORTS_XR_DESIGNED_FOR_IPHONE_IPAD = NO;
				SWIFT_APPROACHABLE_CONCURRENCY = YES;
				SWIFT_EMIT_LOC_STRINGS = YES;
				SWIFT_UPCOMING_FEATURE_MEMBER_IMPORT_VISIBILITY = YES;
				SWIFT_VERSION = 5.0;
				TARGETED_DEVICE_FAMILY = 1;
			};
			name = Release;
		};
		4CD220D12FA11B2F00AB31DE /* Debug */ = {
			isa = XCBuildConfiguration;
			buildSettings = {
				ASSETCATALOG_COMPILER_APPICON_NAME = AppIcon;
				ASSETCATALOG_COMPILER_GLOBAL_ACCENT_COLOR_NAME = AccentColor;
				CODE_SIGN_ENTITLEMENTS = "SipWatch Watch App/SipWatch Watch App.entitlements";
				CODE_SIGN_STYLE = Automatic;
				CURRENT_PROJECT_VERSION = 1;
				DEVELOPMENT_TEAM = L8A3PF8RFV;
				ENABLE_PREVIEWS = YES;
				GENERATE_INFOPLIST_FILE = YES;
				INFOPLIST_FILE = "SipWatch-Watch-App-Info.plist";
				INFOPLIST_KEY_CFBundleDisplayName = SipWatch;
				INFOPLIST_KEY_LSApplicationCategoryType = "";
				INFOPLIST_KEY_NSHealthShareUsageDescription = "Needed to read your water intake to keep your hydration bar synced.";
				INFOPLIST_KEY_NSHealthUpdateUsageDescription = "Needed to save your logged water to Apple Health.";
				INFOPLIST_KEY_NSLocationWhenInUseUsageDescription = "Needed to adjust your sip hydration goal in which it takes into account your local temperature. This data is not collected.";
				INFOPLIST_KEY_UISupportedInterfaceOrientations = "UIInterfaceOrientationPortrait UIInterfaceOrientationPortraitUpsideDown";
				INFOPLIST_KEY_WKCompanionAppBundleIdentifier = "org.mjbapps.sip-dynamic-hydration";
				INFOPLIST_KEY_WKSupportsLiveActivityLaunchAttributeTypes = HydrationAttributes;
				LD_RUNPATH_SEARCH_PATHS = (
					"$(inherited)",
					"@executable_path/Frameworks",
				);
				MARKETING_VERSION = 0.20260430;
				PRODUCT_BUNDLE_IDENTIFIER = "org.mjbapps.sip-dynamic-hydration.watchkitapp";
				PRODUCT_NAME = "$(TARGET_NAME)";
				SDKROOT = watchos;
				SKIP_INSTALL = YES;
				STRING_CATALOG_GENERATE_SYMBOLS = YES;
				SWIFT_APPROACHABLE_CONCURRENCY = YES;
				SWIFT_DEFAULT_ACTOR_ISOLATION = MainActor;
				SWIFT_EMIT_LOC_STRINGS = YES;
				SWIFT_UPCOMING_FEATURE_MEMBER_IMPORT_VISIBILITY = YES;
				SWIFT_VERSION = 5.0;
				TARGETED_DEVICE_FAMILY = 4;
				WATCHOS_DEPLOYMENT_TARGET = 11.6;
			};
			name = Debug;
		};
		4CD220D22FA11B2F00AB31DE /* Release */ = {
			isa = XCBuildConfiguration;
			buildSettings = {
				ASSETCATALOG_COMPILER_APPICON_NAME = AppIcon;
				ASSETCATALOG_COMPILER_GLOBAL_ACCENT_COLOR_NAME = AccentColor;
				CODE_SIGN_ENTITLEMENTS = "SipWatch Watch App/SipWatch Watch App.entitlements";
				CODE_SIGN_STYLE = Automatic;
				CURRENT_PROJECT_VERSION = 1;
				DEVELOPMENT_TEAM = L8A3PF8RFV;
				ENABLE_PREVIEWS = YES;
				GENERATE_INFOPLIST_FILE = YES;
				INFOPLIST_FILE = "SipWatch-Watch-App-Info.plist";
				INFOPLIST_KEY_CFBundleDisplayName = SipWatch;
				INFOPLIST_KEY_LSApplicationCategoryType = "";
				INFOPLIST_KEY_NSHealthShareUsageDescription = "Needed to read your water intake to keep your hydration bar synced.";
				INFOPLIST_KEY_NSHealthUpdateUsageDescription = "Needed to save your logged water to Apple Health.";
				INFOPLIST_KEY_NSLocationWhenInUseUsageDescription = "Needed to adjust your sip hydration goal in which it takes into account your local temperature. This data is not collected.";
				INFOPLIST_KEY_UISupportedInterfaceOrientations = "UIInterfaceOrientationPortrait UIInterfaceOrientationPortraitUpsideDown";
				INFOPLIST_KEY_WKCompanionAppBundleIdentifier = "org.mjbapps.sip-dynamic-hydration";
				INFOPLIST_KEY_WKSupportsLiveActivityLaunchAttributeTypes = HydrationAttributes;
				LD_RUNPATH_SEARCH_PATHS = (
					"$(inherited)",
					"@executable_path/Frameworks",
				);
				MARKETING_VERSION = 0.20260430;
				PRODUCT_BUNDLE_IDENTIFIER = "org.mjbapps.sip-dynamic-hydration.watchkitapp";
				PRODUCT_NAME = "$(TARGET_NAME)";
				SDKROOT = watchos;
				SKIP_INSTALL = YES;
				STRING_CATALOG_GENERATE_SYMBOLS = YES;
				SWIFT_APPROACHABLE_CONCURRENCY = YES;
				SWIFT_DEFAULT_ACTOR_ISOLATION = MainActor;
				SWIFT_EMIT_LOC_STRINGS = YES;
				SWIFT_UPCOMING_FEATURE_MEMBER_IMPORT_VISIBILITY = YES;
				SWIFT_VERSION = 5.0;
				TARGETED_DEVICE_FAMILY = 4;
				WATCHOS_DEPLOYMENT_TARGET = 11.6;
			};
			name = Release;
		};
		4CD2210C2FA1305000AB31DE /* Debug */ = {
			isa = XCBuildConfiguration;
			buildSettings = {
				ASSETCATALOG_COMPILER_GLOBAL_ACCENT_COLOR_NAME = AccentColor;
				ASSETCATALOG_COMPILER_WIDGET_BACKGROUND_COLOR_NAME = WidgetBackground;
				CODE_SIGN_ENTITLEMENTS = SipWatchWidgetExtension.entitlements;
				CODE_SIGN_STYLE = Automatic;
				CURRENT_PROJECT_VERSION = 1;
				DEVELOPMENT_TEAM = L8A3PF8RFV;
				GENERATE_INFOPLIST_FILE = YES;
				INFOPLIST_FILE = SipWatchWidget/Info.plist;
				INFOPLIST_KEY_CFBundleDisplayName = SipWatchWidget;
				INFOPLIST_KEY_NSHealthShareUsageDescription = "Needed to read your water intake to keep your hydration bar synced.";
				INFOPLIST_KEY_NSHealthUpdateUsageDescription = "Needed to save your logged water to Apple Health.";
				INFOPLIST_KEY_NSHumanReadableCopyright = "";
				INFOPLIST_KEY_NSLocationWhenInUseUsageDescription = "Needed to adjust your sip hydration goal in which it takes into account your local temperature. This data is not collected.";
				LD_RUNPATH_SEARCH_PATHS = (
					"$(inherited)",
					"@executable_path/Frameworks",
					"@executable_path/../../Frameworks",
					"@executable_path/../../../../Frameworks",
				);
				MARKETING_VERSION = 0.20260430;
				PRODUCT_BUNDLE_IDENTIFIER = "org.mjbapps.sip-dynamic-hydration.watchkitapp.SipWatchWidget";
				PRODUCT_NAME = "$(TARGET_NAME)";
				SDKROOT = watchos;
				SKIP_INSTALL = YES;
				STRING_CATALOG_GENERATE_SYMBOLS = YES;
				SWIFT_APPROACHABLE_CONCURRENCY = YES;
				SWIFT_EMIT_LOC_STRINGS = YES;
				SWIFT_UPCOMING_FEATURE_MEMBER_IMPORT_VISIBILITY = YES;
				SWIFT_VERSION = 5.0;
				TARGETED_DEVICE_FAMILY = 4;
				WATCHOS_DEPLOYMENT_TARGET = 11.6;
			};
			name = Debug;
		};
		4CD2210D2FA1305000AB31DE /* Release */ = {
			isa = XCBuildConfiguration;
			buildSettings = {
				ASSETCATALOG_COMPILER_GLOBAL_ACCENT_COLOR_NAME = AccentColor;
				ASSETCATALOG_COMPILER_WIDGET_BACKGROUND_COLOR_NAME = WidgetBackground;
				CODE_SIGN_ENTITLEMENTS = SipWatchWidgetExtension.entitlements;
				CODE_SIGN_STYLE = Automatic;
				CURRENT_PROJECT_VERSION = 1;
				DEVELOPMENT_TEAM = L8A3PF8RFV;
				GENERATE_INFOPLIST_FILE = YES;
				INFOPLIST_FILE = SipWatchWidget/Info.plist;
				INFOPLIST_KEY_CFBundleDisplayName = SipWatchWidget;
				INFOPLIST_KEY_NSHealthShareUsageDescription = "Needed to read your water intake to keep your hydration bar synced.";
				INFOPLIST_KEY_NSHealthUpdateUsageDescription = "Needed to save your logged water to Apple Health.";
				INFOPLIST_KEY_NSHumanReadableCopyright = "";
				INFOPLIST_KEY_NSLocationWhenInUseUsageDescription = "Needed to adjust your sip hydration goal in which it takes into account your local temperature. This data is not collected.";
				LD_RUNPATH_SEARCH_PATHS = (
					"$(inherited)",
					"@executable_path/Frameworks",
					"@executable_path/../../Frameworks",
					"@executable_path/../../../../Frameworks",
				);
				MARKETING_VERSION = 0.20260430;
				PRODUCT_BUNDLE_IDENTIFIER = "org.mjbapps.sip-dynamic-hydration.watchkitapp.SipWatchWidget";
				PRODUCT_NAME = "$(TARGET_NAME)";
				SDKROOT = watchos;
				SKIP_INSTALL = YES;
				STRING_CATALOG_GENERATE_SYMBOLS = YES;
				SWIFT_APPROACHABLE_CONCURRENCY = YES;
				SWIFT_EMIT_LOC_STRINGS = YES;
				SWIFT_UPCOMING_FEATURE_MEMBER_IMPORT_VISIBILITY = YES;
				SWIFT_VERSION = 5.0;
				TARGETED_DEVICE_FAMILY = 4;
				WATCHOS_DEPLOYMENT_TARGET = 11.6;
			};
			name = Release;
		};
/* End XCBuildConfiguration section */

/* Begin XCConfigurationList section */
		4C280E5F2FA043AC00B28D48 /* Build configuration list for PBXProject "sip-dynamic-hydration" */ = {
			isa = XCConfigurationList;
			buildConfigurations = (
				4C280E6D2FA043AF00B28D48 /* Debug */,
				4C280E6E2FA043AF00B28D48 /* Release */,
			);
			defaultConfigurationIsVisible = 0;
			defaultConfigurationName = Release;
		};
		4C280E6F2FA043AF00B28D48 /* Build configuration list for PBXNativeTarget "sip-dynamic-hydration" */ = {
			isa = XCConfigurationList;
			buildConfigurations = (
				4C280E702FA043AF00B28D48 /* Debug */,
				4C280E712FA043AF00B28D48 /* Release */,
			);
			defaultConfigurationIsVisible = 0;
			defaultConfigurationName = Release;
		};
		4C280E8B2FA0449900B28D48 /* Build configuration list for PBXNativeTarget "SipWidgetExtension" */ = {
			isa = XCConfigurationList;
			buildConfigurations = (
				4C280E8C2FA0449900B28D48 /* Debug */,
				4C280E8D2FA0449900B28D48 /* Release */,
			);
			defaultConfigurationIsVisible = 0;
			defaultConfigurationName = Release;
		};
		4CD220D02FA11B2F00AB31DE /* Build configuration list for PBXNativeTarget "SipWatch Watch App" */ = {
			isa = XCConfigurationList;
			buildConfigurations = (
				4CD220D12FA11B2F00AB31DE /* Debug */,
				4CD220D22FA11B2F00AB31DE /* Release */,
			);
			defaultConfigurationIsVisible = 0;
			defaultConfigurationName = Release;
		};
		4CD2210B2FA1305000AB31DE /* Build configuration list for PBXNativeTarget "SipWatchWidgetExtension" */ = {
			isa = XCConfigurationList;
			buildConfigurations = (
				4CD2210C2FA1305000AB31DE /* Debug */,
				4CD2210D2FA1305000AB31DE /* Release */,
			);
			defaultConfigurationIsVisible = 0;
			defaultConfigurationName = Release;
		};
/* End XCConfigurationList section */
	};
	rootObject = 4C280E5C2FA043AC00B28D48 /* Project object */;
}
